
Microsoft Visual Studio Solution File, Format Version 12.00
# Visual Studio 15
VisualStudioVersion = 15.0.26124.0
MinimumVisualStudioVersion = 15.0.26124.0
Project("{FAE04EC0-301F-11D3-BF4B-00C04F79EFBC}") = "Domain", "Domain\Domain.csproj", "{BF8AC8F2-144D-4618-9D79-5B2A22194C2B}"
EndProject
Project("{FAE04EC0-301F-11D3-BF4B-00C04F79EFBC}") = "Application", "Application\Application.csproj", "{42267DF0-5055-4A2B-8370-489EEFA24D32}"
EndProject
Project("{FAE04EC0-301F-11D3-BF4B-00C04F79EFBC}") = "Persistence", "Persistence\Persistence.csproj", "{64AE4241-F5AF-40FA-B781-722EC3B8A6C7}"
EndProject
Project("{FAE04EC0-301F-11D3-BF4B-00C04F79EFBC}") = "API", "API\API.csproj", "{9B3C3AE8-9B0C-485A-BC74-BAEEE587929B}"
EndProject
Global
	GlobalSection(SolutionConfigurationPlatforms) = preSolution
		Debug|Any CPU = Debug|Any CPU
		Debug|x64 = Debug|x64
		Debug|x86 = Debug|x86
		Release|Any CPU = Release|Any CPU
		Release|x64 = Release|x64
		Release|x86 = Release|x86
	EndGlobalSection
	GlobalSection(SolutionProperties) = preSolution
		HideSolutionNode = FALSE
	EndGlobalSection
	GlobalSection(ProjectConfigurationPlatforms) = postSolution
		{BF8AC8F2-144D-4618-9D79-5B2A22194C2B}.Debug|Any CPU.ActiveCfg = Debug|Any CPU
		{BF8AC8F2-144D-4618-9D79-5B2A22194C2B}.Debug|Any CPU.Build.0 = Debug|Any CPU
		{BF8AC8F2-144D-4618-9D79-5B2A22194C2B}.Debug|x64.ActiveCfg = Debug|Any CPU
		{BF8AC8F2-144D-4618-9D79-5B2A22194C2B}.Debug|x64.Build.0 = Debug|Any CPU
		{BF8AC8F2-144D-4618-9D79-5B2A22194C2B}.Debug|x86.ActiveCfg = Debug|Any CPU
		{BF8AC8F2-144D-4618-9D79-5B2A22194C2B}.Debug|x86.Build.0 = Debug|Any CPU
		{BF8AC8F2-144D-4618-9D79-5B2A22194C2B}.Release|Any CPU.ActiveCfg = Release|Any CPU
		{BF8AC8F2-144D-4618-9D79-5B2A22194C2B}.Release|Any CPU.Build.0 = Release|Any CPU
		{BF8AC8F2-144D-4618-9D79-5B2A22194C2B}.Release|x64.ActiveCfg = Release|Any CPU
		{BF8AC8F2-144D-4618-9D79-5B2A22194C2B}.Release|x64.Build.0 = Release|Any CPU
		{BF8AC8F2-144D-4618-9D79-5B2A22194C2B}.Release|x86.ActiveCfg = Release|Any CPU
		{BF8AC8F2-144D-4618-9D79-5B2A22194C2B}.Release|x86.Build.0 = Release|Any CPU
		{42267DF0-5055-4A2B-8370-489EEFA24D32}.Debug|Any CPU.ActiveCfg = Debug|Any CPU
		{42267DF0-5055-4A2B-8370-489EEFA24D32}.Debug|Any CPU.Build.0 = Debug|Any CPU
		{42267DF0-5055-4A2B-8370-489EEFA24D32}.Debug|x64.ActiveCfg = Debug|Any CPU
		{42267DF0-5055-4A2B-8370-489EEFA24D32}.Debug|x64.Build.0 = Debug|Any CPU
		{42267DF0-5055-4A2B-8370-489EEFA24D32}.Debug|x86.ActiveCfg = Debug|Any CPU
		{42267DF0-5055-4A2B-8370-489EEFA24D32}.Debug|x86.Build.0 = Debug|Any CPU
		{42267DF0-5055-4A2B-8370-489EEFA24D32}.Release|Any CPU.ActiveCfg = Release|Any CPU
		{42267DF0-5055-4A2B-8370-489EEFA24D32}.Release|Any CPU.Build.0 = Release|Any CPU
		{42267DF0-5055-4A2B-8370-489EEFA24D32}.Release|x64.ActiveCfg = Release|Any CPU
		{42267DF0-5055-4A2B-8370-489EEFA24D32}.Release|x64.Build.0 = Release|Any CPU
		{42267DF0-5055-4A2B-8370-489EEFA24D32}.Release|x86.ActiveCfg = Release|Any CPU
		{42267DF0-5055-4A2B-8370-489EEFA24D32}.Release|x86.Build.0 = Release|Any CPU
		{64AE4241-F5AF-40FA-B781-722EC3B8A6C7}.Debug|Any CPU.ActiveCfg = Debug|Any CPU
		{64AE4241-F5AF-40FA-B781-722EC3B8A6C7}.Debug|Any CPU.Build.0 = Debug|Any CPU
		{64AE4241-F5AF-40FA-B781-722EC3B8A6C7}.Debug|x64.ActiveCfg = Debug|Any CPU
		{64AE4241-F5AF-40FA-B781-722EC3B8A6C7}.Debug|x64.Build.0 = Debug|Any CPU
		{64AE4241-F5AF-40FA-B781-722EC3B8A6C7}.Debug|x86.ActiveCfg = Debug|Any CPU
		{64AE4241-F5AF-40FA-B781-722EC3B8A6C7}.Debug|x86.Build.0 = Debug|Any CPU
		{64AE4241-F5AF-40FA-B781-722EC3B8A6C7}.Release|Any CPU.ActiveCfg = Release|Any CPU
		{64AE4241-F5AF-40FA-B781-722EC3B8A6C7}.Release|Any CPU.Build.0 = Release|Any CPU
		{64AE4241-F5AF-40FA-B781-722EC3B8A6C7}.Release|x64.ActiveCfg = Release|Any CPU
		{64AE4241-F5AF-40FA-B781-722EC3B8A6C7}.Release|x64.Build.0 = Release|Any CPU
		{64AE4241-F5AF-40FA-B781-722EC3B8A6C7}.Release|x86.ActiveCfg = Release|Any CPU
		{64AE4241-F5AF-40FA-B781-722EC3B8A6C7}.Release|x86.Build.0 = Release|Any CPU
		{9B3C3AE8-9B0C-485A-BC74-BAEEE587929B}.Debug|Any CPU.ActiveCfg = Debug|Any CPU
		{9B3C3AE8-9B0C-485A-BC74-BAEEE587929B}.Debug|Any CPU.Build.0 = Debug|Any CPU
		{9B3C3AE8-9B0C-485A-BC74-BAEEE587929B}.Debug|x64.ActiveCfg = Debug|Any CPU
		{9B3C3AE8-9B0C-485A-BC74-BAEEE587929B}.Debug|x64.Build.0 = Debug|Any CPU
		{9B3C3AE8-9B0C-485A-BC74-BAEEE587929B}.Debug|x86.ActiveCfg = Debug|Any CPU
		{9B3C3AE8-9B0C-485A-BC74-BAEEE587929B}.Debug|x86.Build.0 = Debug|Any CPU
		{9B3C3AE8-9B0C-485A-BC74-BAEEE587929B}.Release|Any CPU.ActiveCfg = Release|Any CPU
		{9B3C3AE8-9B0C-485A-BC74-BAEEE587929B}.Release|Any CPU.Build.0 = Release|Any CPU
		{9B3C3AE8-9B0C-485A-BC74-BAEEE587929B}.Release|x64.ActiveCfg = Release|Any CPU
		{9B3C3AE8-9B0C-485A-BC74-BAEEE587929B}.Release|x64.Build.0 = Release|Any CPU
		{9B3C3AE8-9B0C-485A-BC74-BAEEE587929B}.Release|x86.ActiveCfg = Release|Any CPU
		{9B3C3AE8-9B0C-485A-BC74-BAEEE587929B}.Release|x86.Build.0 = Release|Any CPU
	EndGlobalSection
EndGlobal
